
Microsoft Visual Studio Solution File, Format Version 12.00
Project("{FAE04EC0-301F-11D3-BF4B-00C04F79EFBC}") = "TestWebJob", "TestWebJob\TestWebJob.csproj", "{57EDC0F7-FDFA-44F5-9DB3-2E4E4C5BAAEB}"
EndProject
Project("{FAE04EC0-301F-11D3-BF4B-00C04F79EFBC}") = "TestWebJob.Tests", "TestWebJob.Tests\TestWebJob.Tests.csproj", "{B1720438-9F3C-4522-9F5D-45073935C792}"
EndProject
Global
	GlobalSection(SolutionConfigurationPlatforms) = preSolution
		Debug|Any CPU = Debug|Any CPU
		Release|Any CPU = Release|Any CPU
	EndGlobalSection
	GlobalSection(ProjectConfigurationPlatforms) = postSolution
		{57EDC0F7-FDFA-44F5-9DB3-2E4E4C5BAAEB}.Debug|Any CPU.ActiveCfg = Debug|Any CPU
		{57EDC0F7-FDFA-44F5-9DB3-2E4E4C5BAAEB}.Debug|Any CPU.Build.0 = Debug|Any CPU
		{57EDC0F7-FDFA-44F5-9DB3-2E4E4C5BAAEB}.Release|Any CPU.ActiveCfg = Release|Any CPU
		{57EDC0F7-FDFA-44F5-9DB3-2E4E4C5BAAEB}.Release|Any CPU.Build.0 = Release|Any CPU
		{B1720438-9F3C-4522-9F5D-45073935C792}.Debug|Any CPU.ActiveCfg = Debug|Any CPU
		{B1720438-9F3C-4522-9F5D-45073935C792}.Debug|Any CPU.Build.0 = Debug|Any CPU
		{B1720438-9F3C-4522-9F5D-45073935C792}.Release|Any CPU.ActiveCfg = Release|Any CPU
		{B1720438-9F3C-4522-9F5D-45073935C792}.Release|Any CPU.Build.0 = Release|Any CPU
	EndGlobalSection
EndGlobal
